
Microsoft Visual Studio Solution File, Format Version 12.00
# Visual Studio Version 17
VisualStudioVersion = 17.10.34928.147
MinimumVisualStudioVersion = 10.0.40219.1
Project("{FAE04EC0-301F-11D3-BF4B-00C04F79EFBC}") = "TodoList", "TodoList\TodoList\TodoList.csproj", "{971C3801-A880-4C8D-8610-5CEA2039DE5B}"
EndProject
Project("{FAE04EC0-301F-11D3-BF4B-00C04F79EFBC}") = "TodoList.Client", "TodoList\TodoList.Client\TodoList.Client.csproj", "{300E9A00-ECDA-4FB0-90A2-AFED653DCBAF}"
EndProject
Project("{FAE04EC0-301F-11D3-BF4B-00C04F79EFBC}") = "TodoList.Shared", "Shared\TodoList.Shared.csproj", "{EF392484-2008-46EB-9698-4536B4DDA502}"
EndProject
Project("{FAE04EC0-301F-11D3-BF4B-00C04F79EFBC}") = "WebApplication1", "WebApplication1\WebApplication1.csproj", "{0A65F925-F315-4F2B-A677-E24CD9C396E6}"
EndProject
Global
	GlobalSection(SolutionConfigurationPlatforms) = preSolution
		Debug|Any CPU = Debug|Any CPU
		Release|Any CPU = Release|Any CPU
	EndGlobalSection
	GlobalSection(ProjectConfigurationPlatforms) = postSolution
		{971C3801-A880-4C8D-8610-5CEA2039DE5B}.Debug|Any CPU.ActiveCfg = Debug|Any CPU
		{971C3801-A880-4C8D-8610-5CEA2039DE5B}.Debug|Any CPU.Build.0 = Debug|Any CPU
		{971C3801-A880-4C8D-8610-5CEA2039DE5B}.Release|Any CPU.ActiveCfg = Release|Any CPU
		{971C3801-A880-4C8D-8610-5CEA2039DE5B}.Release|Any CPU.Build.0 = Release|Any CPU
		{300E9A00-ECDA-4FB0-90A2-AFED653DCBAF}.Debug|Any CPU.ActiveCfg = Debug|Any CPU
		{300E9A00-ECDA-4FB0-90A2-AFED653DCBAF}.Debug|Any CPU.Build.0 = Debug|Any CPU
		{300E9A00-ECDA-4FB0-90A2-AFED653DCBAF}.Release|Any CPU.ActiveCfg = Release|Any CPU
		{300E9A00-ECDA-4FB0-90A2-AFED653DCBAF}.Release|Any CPU.Build.0 = Release|Any CPU
		{EF392484-2008-46EB-9698-4536B4DDA502}.Debug|Any CPU.ActiveCfg = Debug|Any CPU
		{EF392484-2008-46EB-9698-4536B4DDA502}.Debug|Any CPU.Build.0 = Debug|Any CPU
		{EF392484-2008-46EB-9698-4536B4DDA502}.Release|Any CPU.ActiveCfg = Release|Any CPU
		{EF392484-2008-46EB-9698-4536B4DDA502}.Release|Any CPU.Build.0 = Release|Any CPU
		{0A65F925-F315-4F2B-A677-E24CD9C396E6}.Debug|Any CPU.ActiveCfg = Debug|Any CPU
		{0A65F925-F315-4F2B-A677-E24CD9C396E6}.Debug|Any CPU.Build.0 = Debug|Any CPU
		{0A65F925-F315-4F2B-A677-E24CD9C396E6}.Release|Any CPU.ActiveCfg = Release|Any CPU
		{0A65F925-F315-4F2B-A677-E24CD9C396E6}.Release|Any CPU.Build.0 = Release|Any CPU
	EndGlobalSection
	GlobalSection(SolutionProperties) = preSolution
		HideSolutionNode = FALSE
	EndGlobalSection
	GlobalSection(ExtensibilityGlobals) = postSolution
		SolutionGuid = {31F30C81-9885-424D-A763-CB6B68C1670C}
	EndGlobalSection
EndGlobal
